{
  "name": "npm-workspaces-demo",
  "version": "1.0.0",
  "lockfileVersion": 2,
  "requires": true,
  "packages": {
    "": {
      "version": "1.0.0",
      "license": "MIT",
      "workspaces": [
        "./packages/*"
      ],
      "engines": {
        "node": "16.2.0",
        "npm": "7.13.0"
      }
    },
    "node_modules/package-a": {
      "resolved": "packages/package-a",
      "link": true
    },
    "node_modules/package-b": {
      "resolved": "packages/package-b",
      "link": true
    },
    "packages/package-a": {
      "version": "1.0.0"
    },
    "packages/package-b": {
      "version": "1.0.0",
      "dependencies": {
        "package-a": "1.0.0"
      }
    }
  },
  "dependencies": {
    "package-a": {
      "version": "file:packages/package-a"
    },
    "package-b": {
      "version": "file:packages/package-b",
      "requires": {
        "package-a": "1.0.0"
      }
    }
  }
}
